
Microsoft Visual Studio Solution File, Format Version 12.00
# Visual Studio Version 17
VisualStudioVersion = 17.8.34309.116
MinimumVisualStudioVersion = 10.0.40219.1
Project("{9A19103F-16F7-4668-BE54-9A1E7A4F7556}") = "SmokeAndFlameRecognition", "SmokeAndFlameRecognition\SmokeAndFlameRecognition.csproj", "{96BB8371-B41F-46DD-8E8A-8483E7BDBF6B}"
EndProject
Project("{2150E333-8FDC-42A3-9474-1A3956D46DE8}") = "Solution Items", "Solution Items", "{6E878543-110A-4F81-A806-978D3286735B}"
	ProjectSection(SolutionItems) = preProject
		.editorconfig = .editorconfig
	EndProjectSection
EndProject
Project("{9A19103F-16F7-4668-BE54-9A1E7A4F7556}") = "ConsoleApp1", "ConsoleApp1\ConsoleApp1.csproj", "{B2ABDF2C-74AD-4356-B3F8-7C245948F3F7}"
EndProject
Global
	GlobalSection(SolutionConfigurationPlatforms) = preSolution
		Debug|Any CPU = Debug|Any CPU
		Debug|x64 = Debug|x64
		Debug|x86 = Debug|x86
		Release|Any CPU = Release|Any CPU
		Release|x64 = Release|x64
		Release|x86 = Release|x86
	EndGlobalSection
	GlobalSection(ProjectConfigurationPlatforms) = postSolution
		{96BB8371-B41F-46DD-8E8A-8483E7BDBF6B}.Debug|Any CPU.ActiveCfg = Debug|Any CPU
		{96BB8371-B41F-46DD-8E8A-8483E7BDBF6B}.Debug|Any CPU.Build.0 = Debug|Any CPU
		{96BB8371-B41F-46DD-8E8A-8483E7BDBF6B}.Debug|x64.ActiveCfg = Debug|x64
		{96BB8371-B41F-46DD-8E8A-8483E7BDBF6B}.Debug|x64.Build.0 = Debug|x64
		{96BB8371-B41F-46DD-8E8A-8483E7BDBF6B}.Debug|x86.ActiveCfg = Debug|x86
		{96BB8371-B41F-46DD-8E8A-8483E7BDBF6B}.Debug|x86.Build.0 = Debug|x86
		{96BB8371-B41F-46DD-8E8A-8483E7BDBF6B}.Release|Any CPU.ActiveCfg = Release|Any CPU
		{96BB8371-B41F-46DD-8E8A-8483E7BDBF6B}.Release|Any CPU.Build.0 = Release|Any CPU
		{96BB8371-B41F-46DD-8E8A-8483E7BDBF6B}.Release|x64.ActiveCfg = Release|x64
		{96BB8371-B41F-46DD-8E8A-8483E7BDBF6B}.Release|x64.Build.0 = Release|x64
		{96BB8371-B41F-46DD-8E8A-8483E7BDBF6B}.Release|x86.ActiveCfg = Release|x86
		{96BB8371-B41F-46DD-8E8A-8483E7BDBF6B}.Release|x86.Build.0 = Release|x86
		{B2ABDF2C-74AD-4356-B3F8-7C245948F3F7}.Debug|Any CPU.ActiveCfg = Debug|Any CPU
		{B2ABDF2C-74AD-4356-B3F8-7C245948F3F7}.Debug|Any CPU.Build.0 = Debug|Any CPU
		{B2ABDF2C-74AD-4356-B3F8-7C245948F3F7}.Debug|x64.ActiveCfg = Debug|Any CPU
		{B2ABDF2C-74AD-4356-B3F8-7C245948F3F7}.Debug|x64.Build.0 = Debug|Any CPU
		{B2ABDF2C-74AD-4356-B3F8-7C245948F3F7}.Debug|x86.ActiveCfg = Debug|Any CPU
		{B2ABDF2C-74AD-4356-B3F8-7C245948F3F7}.Debug|x86.Build.0 = Debug|Any CPU
		{B2ABDF2C-74AD-4356-B3F8-7C245948F3F7}.Release|Any CPU.ActiveCfg = Release|Any CPU
		{B2ABDF2C-74AD-4356-B3F8-7C245948F3F7}.Release|Any CPU.Build.0 = Release|Any CPU
		{B2ABDF2C-74AD-4356-B3F8-7C245948F3F7}.Release|x64.ActiveCfg = Release|Any CPU
		{B2ABDF2C-74AD-4356-B3F8-7C245948F3F7}.Release|x64.Build.0 = Release|Any CPU
		{B2ABDF2C-74AD-4356-B3F8-7C245948F3F7}.Release|x86.ActiveCfg = Release|Any CPU
		{B2ABDF2C-74AD-4356-B3F8-7C245948F3F7}.Release|x86.Build.0 = Release|Any CPU
	EndGlobalSection
	GlobalSection(SolutionProperties) = preSolution
		HideSolutionNode = FALSE
	EndGlobalSection
	GlobalSection(ExtensibilityGlobals) = postSolution
		SolutionGuid = {4D43C2AE-87EF-42B9-BA92-5A86C24E5FC1}
	EndGlobalSection
EndGlobal
